<?xml version="1.0" encoding="utf-8"?>
<Project ToolsVersion="4.0" xmlns="http://schemas.microsoft.com/developer/msbuild/2003">
  <ItemGroup>
    <Filter Include="Source Files">
      <UniqueIdentifier>{4FC737F1-C7A5-4376-A066-2A32D752A2FF}</UniqueIdentifier>
      <Extensions>cpp;c;cc;cxx;def;odl;idl;hpj;bat;asm;asmx</Extensions>
    </Filter>
    <Filter Include="Header Files">
      <UniqueIdentifier>{93995380-89BD-4b04-88EB-625FBE52EBFB}</UniqueIdentifier>
      <Extensions>h;hh;hpp;hxx;hm;inl;inc;ipp;xsd</Extensions>
    </Filter>
    <Filter Include="Resource Files">
      <UniqueIdentifier>{67DA6AB6-F800-4c08-8B7A-83BB121AAD01}</UniqueIdentifier>
      <Extensions>rc;ico;cur;bmp;dlg;rc2;rct;bin;rgs;gif;jpg;jpeg;jpe;resx;tiff;tif;png;wav;mfcribbon-ms</Extensions>
    </Filter>
    <Filter Include="ScratchpadCode">
      <UniqueIdentifier>{551d944f-89fd-4b0a-81d4-86e24a83de9b}</UniqueIdentifier>
    </Filter>
    <Filter Include="Classes">
      <UniqueIdentifier>{bff5be1a-6b56-4f88-968c-51b15ce3083a}</UniqueIdentifier>
    </Filter>
    <Filter Include="HelperFunctions">
      <UniqueIdentifier>{d97d05c5-1dd6-4eb1-9b86-87717d3c41ce}</UniqueIdentifier>
    </Filter>
    <Filter Include="LegacyCode">
      <UniqueIdentifier>{706912b9-d653-44c1-885a-5d03c76a7018}</UniqueIdentifier>
    </Filter>
  </ItemGroup>
  <ItemGroup>
    <ClCompile Include="Scratchpad_of_DataStructures.cpp">
      <Filter>ScratchpadCode</Filter>
    </ClCompile>
    <ClCompile Include="storm.cpp">
      <Filter>Source Files</Filter>
    </ClCompile>
    <ClCompile Include="treeNode_BST.cpp">
      <Filter>Classes</Filter>
    </ClCompile>
    <ClCompile Include="defns.cpp">
      <Filter>Classes</Filter>
    </ClCompile>
    <ClCompile Include="storm_old.cpp">
      <Filter>LegacyCode</Filter>
    </ClCompile>
    <ClCompile Include="Helper_functions.cpp">
      <Filter>HelperFunctions</Filter>
    </ClCompile>
    <ClCompile Include="treeNode_BST_StormEvents.cpp">
      <Filter>Classes</Filter>
    </ClCompile>
    <ClCompile Include="heap_entry.cpp">
      <Filter>Classes</Filter>
    </ClCompile>
    <ClCompile Include="heap_entry_Storm.cpp">
      <Filter>Classes</Filter>
    </ClCompile>
  </ItemGroup>
  <ItemGroup>
    <ClInclude Include="treeNode_BST.h">
      <Filter>Header Files</Filter>
    </ClInclude>
    <ClInclude Include="defns.h">
      <Filter>Header Files</Filter>
    </ClInclude>
    <ClInclude Include="Helper_functions.h">
      <Filter>Header Files</Filter>
    </ClInclude>
    <ClInclude Include="treeNode_BST_StormEvents.h">
      <Filter>Header Files</Filter>
    </ClInclude>
    <ClInclude Include="Constants.h">
      <Filter>Header Files</Filter>
    </ClInclude>
    <ClInclude Include="heap_entry.h">
      <Filter>Header Files</Filter>
    </ClInclude>
    <ClInclude Include="heap_entry_Storm.h">
      <Filter>Header Files</Filter>
    </ClInclude>
  </ItemGroup>
</Project>